
Microsoft Visual Studio Solution File, Format Version 12.00
# Visual Studio Version 17
VisualStudioVersion = 17.6.33815.320
MinimumVisualStudioVersion = 10.0.40219.1
Project("{FAE04EC0-301F-11D3-BF4B-00C04F79EFBC}") = "AlgoHub", "AlgoHub\AlgoHub.csproj", "{8F231057-3C0D-4716-9EAA-57B2F8A3BD1C}"
EndProject
Global
	GlobalSection(SolutionConfigurationPlatforms) = preSolution
		Debug|Any CPU = Debug|Any CPU
		Release|Any CPU = Release|Any CPU
	EndGlobalSection
	GlobalSection(ProjectConfigurationPlatforms) = postSolution
		{8F231057-3C0D-4716-9EAA-57B2F8A3BD1C}.Debug|Any CPU.ActiveCfg = Debug|Any CPU
		{8F231057-3C0D-4716-9EAA-57B2F8A3BD1C}.Debug|Any CPU.Build.0 = Debug|Any CPU
		{8F231057-3C0D-4716-9EAA-57B2F8A3BD1C}.Release|Any CPU.ActiveCfg = Release|Any CPU
		{8F231057-3C0D-4716-9EAA-57B2F8A3BD1C}.Release|Any CPU.Build.0 = Release|Any CPU
	EndGlobalSection
	GlobalSection(SolutionProperties) = preSolution
		HideSolutionNode = FALSE
	EndGlobalSection
	GlobalSection(ExtensibilityGlobals) = postSolution
		SolutionGuid = {ECEB766C-2D00-4FA3-9C74-A108B308FB76}
	EndGlobalSection
EndGlobal
